{
  "originHash" : "8c207a6d378fc43a98d245aff80058d80d981054b56e2506e465ef25c957c826",
  "pins" : [
    {
      "identity" : "sharedappfoundation",
      "kind" : "remoteSourceControl",
      "location" : "https://github.com/axrbarsic/SharedAppFoundation.git",
      "state" : {
        "revision" : "b9db5e706561c50401c1b774bbbcea39451cb47a"
      }
    }
  ],
  "version" : 3
}
