{
  "originHash" : "8c207a6d378fc43a98d245aff80058d80d981054b56e2506e465ef25c957c826",
  "pins" : [
    {
      "identity" : "sharedappfoundation",
      "kind" : "remoteSourceControl",
      "location" : "https://github.com/axrbarsic/SharedAppFoundation.git",
      "state" : {
        "revision" : "af78f15f3424c5b1f13284cd47d3eca84f83fcb7"
      }
    }
  ],
  "version" : 3
}
